
Microsoft Visual Studio Solution File, Format Version 12.00
# Visual Studio Version 17
VisualStudioVersion = 17.0.31521.260
MinimumVisualStudioVersion = 10.0.40219.1
Project("{9A19103F-16F7-4668-BE54-9A1E7A4F7556}") = "Patterns.Domain.Abstractions", "Patterns.Domain.Abstractions\Patterns.Domain.Abstractions.csproj", "{E1A047FA-08D7-45AB-8E88-88F23DF228BB}"
EndProject
Project("{9A19103F-16F7-4668-BE54-9A1E7A4F7556}") = "Patterns.Domain", "Patterns.Domain\Patterns.Domain.csproj", "{5E897EA0-AE2E-4623-9950-AAA6B7A93079}"
EndProject
Project("{2150E333-8FDC-42A3-9474-1A3956D46DE8}") = "Mapping", "Mapping", "{684B2937-DDD3-4D03-8D79-9ABD3C3E03E7}"
EndProject
Project("{9A19103F-16F7-4668-BE54-9A1E7A4F7556}") = "Patterns.Domain.Mapping.SourceGenerators", "Mapping\Patterns.Domain.Mapping.SourceGenerators\Patterns.Domain.Mapping.SourceGenerators.csproj", "{05E9F7F0-706B-4D19-AFF2-A85813091A38}"
EndProject
Project("{9A19103F-16F7-4668-BE54-9A1E7A4F7556}") = "Patterns.Domain.Configuration", "Patterns.Domain.Configuration\Patterns.Domain.Configuration.csproj", "{82E11C3D-DCEB-480F-AB98-A52FF9731109}"
EndProject
Global
	GlobalSection(SolutionConfigurationPlatforms) = preSolution
		Debug|Any CPU = Debug|Any CPU
		Release|Any CPU = Release|Any CPU
	EndGlobalSection
	GlobalSection(ProjectConfigurationPlatforms) = postSolution
		{E1A047FA-08D7-45AB-8E88-88F23DF228BB}.Debug|Any CPU.ActiveCfg = Debug|Any CPU
		{E1A047FA-08D7-45AB-8E88-88F23DF228BB}.Debug|Any CPU.Build.0 = Debug|Any CPU
		{E1A047FA-08D7-45AB-8E88-88F23DF228BB}.Release|Any CPU.ActiveCfg = Release|Any CPU
		{E1A047FA-08D7-45AB-8E88-88F23DF228BB}.Release|Any CPU.Build.0 = Release|Any CPU
		{5E897EA0-AE2E-4623-9950-AAA6B7A93079}.Debug|Any CPU.ActiveCfg = Debug|Any CPU
		{5E897EA0-AE2E-4623-9950-AAA6B7A93079}.Debug|Any CPU.Build.0 = Debug|Any CPU
		{5E897EA0-AE2E-4623-9950-AAA6B7A93079}.Release|Any CPU.ActiveCfg = Release|Any CPU
		{5E897EA0-AE2E-4623-9950-AAA6B7A93079}.Release|Any CPU.Build.0 = Release|Any CPU
		{05E9F7F0-706B-4D19-AFF2-A85813091A38}.Debug|Any CPU.ActiveCfg = Debug|Any CPU
		{05E9F7F0-706B-4D19-AFF2-A85813091A38}.Debug|Any CPU.Build.0 = Debug|Any CPU
		{05E9F7F0-706B-4D19-AFF2-A85813091A38}.Release|Any CPU.ActiveCfg = Release|Any CPU
		{05E9F7F0-706B-4D19-AFF2-A85813091A38}.Release|Any CPU.Build.0 = Release|Any CPU
		{82E11C3D-DCEB-480F-AB98-A52FF9731109}.Debug|Any CPU.ActiveCfg = Debug|Any CPU
		{82E11C3D-DCEB-480F-AB98-A52FF9731109}.Debug|Any CPU.Build.0 = Debug|Any CPU
		{82E11C3D-DCEB-480F-AB98-A52FF9731109}.Release|Any CPU.ActiveCfg = Release|Any CPU
		{82E11C3D-DCEB-480F-AB98-A52FF9731109}.Release|Any CPU.Build.0 = Release|Any CPU
	EndGlobalSection
	GlobalSection(SolutionProperties) = preSolution
		HideSolutionNode = FALSE
	EndGlobalSection
	GlobalSection(NestedProjects) = preSolution
		{05E9F7F0-706B-4D19-AFF2-A85813091A38} = {684B2937-DDD3-4D03-8D79-9ABD3C3E03E7}
	EndGlobalSection
	GlobalSection(ExtensibilityGlobals) = postSolution
		SolutionGuid = {82B14A8B-F19D-4848-89AA-54415808C3D6}
	EndGlobalSection
EndGlobal
